
Microsoft Visual Studio Solution File, Format Version 12.00
# Visual Studio Version 17
VisualStudioVersion = 17.10.35027.167
MinimumVisualStudioVersion = 10.0.40219.1
Project("{FAE04EC0-301F-11D3-BF4B-00C04F79EFBC}") = "ControlesAvanzados", "ControlesAvanzados.csproj", "{D3752638-B98E-4EEA-8AEF-ED119298563D}"
EndProject
Global
	GlobalSection(SolutionConfigurationPlatforms) = preSolution
		Debug|Any CPU = Debug|Any CPU
		Release|Any CPU = Release|Any CPU
	EndGlobalSection
	GlobalSection(ProjectConfigurationPlatforms) = postSolution
		{D3752638-B98E-4EEA-8AEF-ED119298563D}.Debug|Any CPU.ActiveCfg = Debug|Any CPU
		{D3752638-B98E-4EEA-8AEF-ED119298563D}.Debug|Any CPU.Build.0 = Debug|Any CPU
		{D3752638-B98E-4EEA-8AEF-ED119298563D}.Release|Any CPU.ActiveCfg = Release|Any CPU
		{D3752638-B98E-4EEA-8AEF-ED119298563D}.Release|Any CPU.Build.0 = Release|Any CPU
	EndGlobalSection
	GlobalSection(SolutionProperties) = preSolution
		HideSolutionNode = FALSE
	EndGlobalSection
	GlobalSection(ExtensibilityGlobals) = postSolution
		SolutionGuid = {9BBA50F8-DC96-470B-9832-85A9DD9C8E50}
	EndGlobalSection
EndGlobal
